
Microsoft Visual Studio Solution File, Format Version 12.00
# Visual Studio 15
VisualStudioVersion = 15.0.26730.8
MinimumVisualStudioVersion = 10.0.40219.1
Project("{FAE04EC0-301F-11D3-BF4B-00C04F79EFBC}") = "PartySite", "PartySite\PartySite.csproj", "{608D454B-C124-4D40-AE71-208BE296933F}"
EndProject
Global
	GlobalSection(SolutionConfigurationPlatforms) = preSolution
		Debug|Any CPU = Debug|Any CPU
		Release|Any CPU = Release|Any CPU
	EndGlobalSection
	GlobalSection(ProjectConfigurationPlatforms) = postSolution
		{608D454B-C124-4D40-AE71-208BE296933F}.Debug|Any CPU.ActiveCfg = Debug|Any CPU
		{608D454B-C124-4D40-AE71-208BE296933F}.Debug|Any CPU.Build.0 = Debug|Any CPU
		{608D454B-C124-4D40-AE71-208BE296933F}.Release|Any CPU.ActiveCfg = Release|Any CPU
		{608D454B-C124-4D40-AE71-208BE296933F}.Release|Any CPU.Build.0 = Release|Any CPU
	EndGlobalSection
	GlobalSection(SolutionProperties) = preSolution
		HideSolutionNode = FALSE
	EndGlobalSection
	GlobalSection(ExtensibilityGlobals) = postSolution
		SolutionGuid = {CA47BB8D-3D0C-4643-8B2E-589FE8003CA0}
	EndGlobalSection
EndGlobal
